
Microsoft Visual Studio Solution File, Format Version 12.00
# Visual Studio Version 17
VisualStudioVersion = 17.0.31903.59
MinimumVisualStudioVersion = 10.0.40219.1
Project("{2150E333-8FDC-42A3-9474-1A3956D46DE8}") = "source", "source", "{0E9AE562-E1B1-43C4-8C40-F438AFDA9F68}"
EndProject
Project("{FAE04EC0-301F-11D3-BF4B-00C04F79EFBC}") = "Owlet.Domain", "source\Owlet.Domain\Owlet.Domain.csproj", "{CD08244A-EA1D-4C25-A3D5-871FA9F49EFD}"
EndProject
Project("{2150E333-8FDC-42A3-9474-1A3956D46DE8}") = "tests", "tests", "{E2EE0582-82BA-4957-9CAC-8DE02C448FCB}"
EndProject
Project("{FAE04EC0-301F-11D3-BF4B-00C04F79EFBC}") = "Owlet.Domain.Tests", "tests\Owlet.Domain.Tests\Owlet.Domain.Tests.csproj", "{5D2F4556-994C-4B33-90EB-56A00E263BC3}"
EndProject
Global
	GlobalSection(SolutionConfigurationPlatforms) = preSolution
		Debug|Any CPU = Debug|Any CPU
		Release|Any CPU = Release|Any CPU
	EndGlobalSection
	GlobalSection(SolutionProperties) = preSolution
		HideSolutionNode = FALSE
	EndGlobalSection
	GlobalSection(ProjectConfigurationPlatforms) = postSolution
		{CD08244A-EA1D-4C25-A3D5-871FA9F49EFD}.Debug|Any CPU.ActiveCfg = Debug|Any CPU
		{CD08244A-EA1D-4C25-A3D5-871FA9F49EFD}.Debug|Any CPU.Build.0 = Debug|Any CPU
		{CD08244A-EA1D-4C25-A3D5-871FA9F49EFD}.Release|Any CPU.ActiveCfg = Release|Any CPU
		{CD08244A-EA1D-4C25-A3D5-871FA9F49EFD}.Release|Any CPU.Build.0 = Release|Any CPU
		{5D2F4556-994C-4B33-90EB-56A00E263BC3}.Debug|Any CPU.ActiveCfg = Debug|Any CPU
		{5D2F4556-994C-4B33-90EB-56A00E263BC3}.Debug|Any CPU.Build.0 = Debug|Any CPU
		{5D2F4556-994C-4B33-90EB-56A00E263BC3}.Release|Any CPU.ActiveCfg = Release|Any CPU
		{5D2F4556-994C-4B33-90EB-56A00E263BC3}.Release|Any CPU.Build.0 = Release|Any CPU
	EndGlobalSection
	GlobalSection(NestedProjects) = preSolution
		{CD08244A-EA1D-4C25-A3D5-871FA9F49EFD} = {0E9AE562-E1B1-43C4-8C40-F438AFDA9F68}
		{5D2F4556-994C-4B33-90EB-56A00E263BC3} = {E2EE0582-82BA-4957-9CAC-8DE02C448FCB}
	EndGlobalSection
EndGlobal
